<?xml version="1.0" encoding="utf-8"?>
<Project ToolsVersion="4.0" xmlns="http://schemas.microsoft.com/developer/msbuild/2003">
  <ItemGroup>
    <Filter Include="Pliki źródłowe">
      <UniqueIdentifier>{4FC737F1-C7A5-4376-A066-2A32D752A2FF}</UniqueIdentifier>
      <Extensions>cpp;c;cc;cxx;c++;cppm;ixx;def;odl;idl;hpj;bat;asm;asmx</Extensions>
    </Filter>
    <Filter Include="Pliki nagłówkowe">
      <UniqueIdentifier>{93995380-89BD-4b04-88EB-625FBE52EBFB}</UniqueIdentifier>
      <Extensions>h;hh;hpp;hxx;h++;hm;inl;inc;ipp;xsd</Extensions>
    </Filter>
    <Filter Include="Pliki zasobów">
      <UniqueIdentifier>{67DA6AB6-F800-4c08-8B7A-83BB121AAD01}</UniqueIdentifier>
      <Extensions>rc;ico;cur;bmp;dlg;rc2;rct;bin;rgs;gif;jpg;jpeg;jpe;resx;tiff;tif;png;wav;mfcribbon-ms</Extensions>
    </Filter>
    <Filter Include="Pliki źródłowe\world">
      <UniqueIdentifier>{907de2a3-65db-479b-a148-9a7877061740}</UniqueIdentifier>
    </Filter>
    <Filter Include="Pliki nagłówkowe\world">
      <UniqueIdentifier>{d830a05d-939f-4384-bf39-2e1dec38d913}</UniqueIdentifier>
    </Filter>
    <Filter Include="Pliki nagłówkowe\renderer">
      <UniqueIdentifier>{0fe9885b-b76b-40f1-8498-1e44237a1685}</UniqueIdentifier>
    </Filter>
    <Filter Include="Pliki źródłowe\renderer">
      <UniqueIdentifier>{b3d90861-6b6b-4d37-be9d-9b7e8d333119}</UniqueIdentifier>
    </Filter>
    <Filter Include="Pliki nagłówkowe\math">
      <UniqueIdentifier>{c63326a5-aaba-4c90-b422-cc668d6b53ed}</UniqueIdentifier>
    </Filter>
    <Filter Include="Pliki źródłowe\math">
      <UniqueIdentifier>{d2d12a77-bfdc-430c-8c9c-112a147051dc}</UniqueIdentifier>
    </Filter>
    <Filter Include="Pliki nagłówkowe\vm">
      <UniqueIdentifier>{5c9a267e-a368-4e6f-8337-4d208126e247}</UniqueIdentifier>
    </Filter>
    <Filter Include="Pliki źródłowe\vm">
      <UniqueIdentifier>{914b766f-b4a5-4206-9351-fef73b2170b1}</UniqueIdentifier>
    </Filter>
  </ItemGroup>
  <ItemGroup>
    <ClInclude Include="renderer\Window.h">
      <Filter>Pliki nagłówkowe</Filter>
    </ClInclude>
    <ClInclude Include="world\solar_system\CelestialBody.h">
      <Filter>Pliki nagłówkowe\world</Filter>
    </ClInclude>
    <ClInclude Include="world\Sphere.h">
      <Filter>Pliki nagłówkowe\world</Filter>
    </ClInclude>
    <ClInclude Include="renderer\ObjectRenderer.h">
      <Filter>Pliki nagłówkowe\renderer</Filter>
    </ClInclude>
    <ClInclude Include="renderer\Shader.h">
      <Filter>Pliki nagłówkowe\renderer</Filter>
    </ClInclude>
    <ClInclude Include="world\Rocket.h">
      <Filter>Pliki nagłówkowe\world</Filter>
    </ClInclude>
    <ClInclude Include="renderer\Camera.h">
      <Filter>Pliki nagłówkowe\renderer</Filter>
    </ClInclude>
    <ClInclude Include="renderer\TriangleGeometry.h">
      <Filter>Pliki nagłówkowe\world</Filter>
    </ClInclude>
    <ClInclude Include="math_and_physics\Geometry.h">
      <Filter>Pliki nagłówkowe\math</Filter>
    </ClInclude>
    <ClInclude Include="math_and_physics\PhysicsEngine.h">
      <Filter>Pliki nagłówkowe\math</Filter>
    </ClInclude>
    <ClInclude Include="world\Smoke.h">
      <Filter>Pliki nagłówkowe\world</Filter>
    </ClInclude>
    <ClInclude Include="vmachine\Registers.h">
      <Filter>Pliki nagłówkowe\vm</Filter>
    </ClInclude>
    <ClInclude Include="vmachine\Memory.h">
      <Filter>Pliki nagłówkowe\vm</Filter>
    </ClInclude>
    <ClInclude Include="UnitTests.h">
      <Filter>Pliki nagłówkowe</Filter>
    </ClInclude>
    <ClInclude Include="vmachine\VMachine.h">
      <Filter>Pliki nagłówkowe\vm</Filter>
    </ClInclude>
    <ClInclude Include="vmachine\Instructions.h">
      <Filter>Pliki nagłówkowe\vm</Filter>
    </ClInclude>
    <ClInclude Include="vmachine\Translator.h">
      <Filter>Pliki nagłówkowe\vm</Filter>
    </ClInclude>
    <ClInclude Include="vmachine\Opcodes.h">
      <Filter>Pliki nagłówkowe\vm</Filter>
    </ClInclude>
    <ClInclude Include="vmachine\ODDMA.h">
      <Filter>Pliki nagłówkowe\world</Filter>
    </ClInclude>
    <ClInclude Include="renderer\Mesh.h">
      <Filter>Pliki nagłówkowe\renderer</Filter>
    </ClInclude>
    <ClInclude Include="renderer\Model.h">
      <Filter>Pliki nagłówkowe\renderer</Filter>
    </ClInclude>
    <ClInclude Include="renderer\ModelRenderer.h">
      <Filter>Pliki nagłówkowe\renderer</Filter>
    </ClInclude>
    <ClInclude Include="imgui\imconfig.h">
      <Filter>Pliki nagłówkowe</Filter>
    </ClInclude>
    <ClInclude Include="imgui\imgui.h">
      <Filter>Pliki nagłówkowe</Filter>
    </ClInclude>
    <ClInclude Include="imgui\imgui_impl_glfw.h">
      <Filter>Pliki nagłówkowe</Filter>
    </ClInclude>
    <ClInclude Include="imgui\imgui_impl_opengl3.h">
      <Filter>Pliki nagłówkowe</Filter>
    </ClInclude>
    <ClInclude Include="imgui\imgui_internal.h">
      <Filter>Pliki nagłówkowe</Filter>
    </ClInclude>
    <ClInclude Include="imgui\imstb_rectpack.h">
      <Filter>Pliki nagłówkowe</Filter>
    </ClInclude>
    <ClInclude Include="imgui\imstb_textedit.h">
      <Filter>Pliki nagłówkowe</Filter>
    </ClInclude>
    <ClInclude Include="imgui\imstb_truetype.h">
      <Filter>Pliki nagłówkowe</Filter>
    </ClInclude>
    <ClInclude Include="imgui\imgui_impl_opengl3_loader.h">
      <Filter>Pliki nagłówkowe</Filter>
    </ClInclude>
    <ClInclude Include="gui\Gui.h">
      <Filter>Pliki nagłówkowe</Filter>
    </ClInclude>
    <ClInclude Include="gui\TelemetryData.h">
      <Filter>Pliki nagłówkowe</Filter>
    </ClInclude>
    <ClInclude Include="gui\ImageUtils.h">
      <Filter>Pliki nagłówkowe</Filter>
    </ClInclude>
    <ClInclude Include="vmachine\CommunicationBus.h">
      <Filter>Pliki nagłówkowe</Filter>
    </ClInclude>
    <ClInclude Include="vmachine\RocketCommand.h">
      <Filter>Pliki nagłówkowe</Filter>
    </ClInclude>
    <ClInclude Include="world\Launchpad.h">
      <Filter>Pliki nagłówkowe</Filter>
    </ClInclude>
    <ClInclude Include="world\solar_system\CloudsAndTrees.h">
      <Filter>Pliki nagłówkowe</Filter>
    </ClInclude>
    <ClInclude Include="world\solar_system\SolarSystem.h">
      <Filter>Pliki nagłówkowe</Filter>
    </ClInclude>
    <ClInclude Include="world\solar_system\Planet.h">
      <Filter>Pliki nagłówkowe</Filter>
    </ClInclude>
    <ClInclude Include="renderer\Renderable.h">
      <Filter>Pliki nagłówkowe</Filter>
    </ClInclude>
    <ClInclude Include="world\solar_system\Moon.h">
      <Filter>Pliki nagłówkowe</Filter>
    </ClInclude>
    <ClInclude Include="world\solar_system\Sun.h">
      <Filter>Pliki nagłówkowe</Filter>
    </ClInclude>
    <ClInclude Include="engine\SimulationEngine.h">
      <Filter>Pliki nagłówkowe</Filter>
    </ClInclude>
    <ClInclude Include="engine\Task.h">
      <Filter>Pliki nagłówkowe</Filter>
    </ClInclude>
    <ClInclude Include="world\SolarSystemConstants.h">
      <Filter>Pliki nagłówkowe</Filter>
    </ClInclude>
    <ClInclude Include="..\imgui\misc\cpp\imgui_stdlib.h">
      <Filter>Pliki nagłówkowe</Filter>
    </ClInclude>
    <ClInclude Include="imgui\imgui_stdlib.h">
      <Filter>Pliki nagłówkowe</Filter>
    </ClInclude>
  </ItemGroup>
  <ItemGroup>
    <ClCompile Include="renderer\implementation\Window.cpp">
      <Filter>Pliki źródłowe</Filter>
    </ClCompile>
    <ClCompile Include="world\solar_system\implementation\CelestialBody.cpp">
      <Filter>Pliki źródłowe\world</Filter>
    </ClCompile>
    <ClCompile Include="world\implementation\Sphere.cpp">
      <Filter>Pliki źródłowe\world</Filter>
    </ClCompile>
    <ClCompile Include="renderer\implementation\ObjectRenderer.cpp">
      <Filter>Pliki źródłowe\renderer</Filter>
    </ClCompile>
    <ClCompile Include="world\implementation\Rocket.cpp">
      <Filter>Pliki źródłowe\world</Filter>
    </ClCompile>
    <ClCompile Include="renderer\implementation\TriangleGeometry.cpp">
      <Filter>Pliki źródłowe\world</Filter>
    </ClCompile>
    <ClCompile Include="math_and_physics\implementation\PhysicsEngine.cpp">
      <Filter>Pliki źródłowe\math</Filter>
    </ClCompile>
    <ClCompile Include="world\implementation\Smoke.cpp">
      <Filter>Pliki źródłowe\world</Filter>
    </ClCompile>
    <ClCompile Include="UnitTests.cpp">
      <Filter>Pliki źródłowe</Filter>
    </ClCompile>
    <ClCompile Include="vmachine\implementation\Memory.cpp">
      <Filter>Pliki źródłowe\vm</Filter>
    </ClCompile>
    <ClCompile Include="vmachine\implementation\Registers.cpp">
      <Filter>Pliki źródłowe\vm</Filter>
    </ClCompile>
    <ClCompile Include="vmachine\implementation\VMachine.cpp">
      <Filter>Pliki źródłowe\vm</Filter>
    </ClCompile>
    <ClCompile Include="math_and_physics\implementation\Geometry.cpp">
      <Filter>Pliki źródłowe\math</Filter>
    </ClCompile>
    <ClCompile Include="renderer\implementation\Camera.cpp">
      <Filter>Pliki źródłowe\renderer</Filter>
    </ClCompile>
    <ClCompile Include="renderer\implementation\Shader.cpp">
      <Filter>Pliki źródłowe\renderer</Filter>
    </ClCompile>
    <ClCompile Include="vmachine\implementation\Instructions.cpp">
      <Filter>Pliki źródłowe\vm</Filter>
    </ClCompile>
    <ClCompile Include="vmachine\implementation\Translator.cpp">
      <Filter>Pliki źródłowe\vm</Filter>
    </ClCompile>
    <ClCompile Include="vmachine\implementation\ODDMA.cpp">
      <Filter>Pliki źródłowe\world</Filter>
    </ClCompile>
    <ClCompile Include="renderer\implementation\Mesh.cpp">
      <Filter>Pliki źródłowe\renderer</Filter>
    </ClCompile>
    <ClCompile Include="renderer\implementation\Model.cpp">
      <Filter>Pliki źródłowe\renderer</Filter>
    </ClCompile>
    <ClCompile Include="renderer\implementation\ModelRenderer.cpp">
      <Filter>Pliki źródłowe\renderer</Filter>
    </ClCompile>
    <ClCompile Include="imgui\imgui.cpp">
      <Filter>Pliki źródłowe</Filter>
    </ClCompile>
    <ClCompile Include="imgui\imgui_demo.cpp">
      <Filter>Pliki źródłowe</Filter>
    </ClCompile>
    <ClCompile Include="imgui\imgui_draw.cpp">
      <Filter>Pliki źródłowe</Filter>
    </ClCompile>
    <ClCompile Include="imgui\imgui_impl_glfw.cpp">
      <Filter>Pliki źródłowe</Filter>
    </ClCompile>
    <ClCompile Include="imgui\imgui_impl_opengl3.cpp">
      <Filter>Pliki źródłowe</Filter>
    </ClCompile>
    <ClCompile Include="imgui\imgui_tables.cpp">
      <Filter>Pliki źródłowe</Filter>
    </ClCompile>
    <ClCompile Include="imgui\imgui_widgets.cpp">
      <Filter>Pliki źródłowe</Filter>
    </ClCompile>
    <ClCompile Include="gui\implementation\Gui.cpp">
      <Filter>Pliki źródłowe</Filter>
    </ClCompile>
    <ClCompile Include="vmachine\implementation\CommunicationBus.cpp">
      <Filter>Pliki źródłowe</Filter>
    </ClCompile>
    <ClCompile Include="world\implementation\Launchpad.cpp">
      <Filter>Pliki źródłowe</Filter>
    </ClCompile>
    <ClCompile Include="world\solar_system\implementation\CloudsAndTrees.cpp">
      <Filter>Pliki źródłowe</Filter>
    </ClCompile>
    <ClCompile Include="world\solar_system\implementation\SolarSystem.cpp">
      <Filter>Pliki źródłowe</Filter>
    </ClCompile>
    <ClCompile Include="world\solar_system\implementation\Planet.cpp">
      <Filter>Pliki źródłowe</Filter>
    </ClCompile>
    <ClCompile Include="world\solar_system\implementation\Moon.cpp">
      <Filter>Pliki źródłowe</Filter>
    </ClCompile>
    <ClCompile Include="world\solar_system\implementation\Sun.cpp">
      <Filter>Pliki źródłowe</Filter>
    </ClCompile>
    <ClCompile Include="engine\implementation\SimulationEngine.cpp">
      <Filter>Pliki źródłowe</Filter>
    </ClCompile>
    <ClCompile Include="Application.cpp">
      <Filter>Pliki źródłowe</Filter>
    </ClCompile>
    <ClCompile Include="imgui\imgui_stdlib.cpp">
      <Filter>Pliki źródłowe</Filter>
    </ClCompile>
  </ItemGroup>
  <ItemGroup>
    <None Include="shaders\planet_shader_fs.glsl">
      <Filter>Pliki zasobów</Filter>
    </None>
    <None Include="shaders\planet_shader_vs.glsl">
      <Filter>Pliki zasobów</Filter>
    </None>
    <None Include="shaders\light_source_fs.glsl">
      <Filter>Pliki zasobów</Filter>
    </None>
    <None Include="shaders\light_source_vs.glsl">
      <Filter>Pliki zasobów</Filter>
    </None>
    <None Include="shaders\moon_shader_fs.glsl">
      <Filter>Pliki zasobów</Filter>
    </None>
    <None Include="shaders\moon_shader_vs.glsl">
      <Filter>Pliki zasobów</Filter>
    </None>
    <None Include="orbital_programs\orbitalProgram1.oasm">
      <Filter>Pliki zasobów</Filter>
    </None>
    <None Include="orbital_programs\ballisticProgram.oasm">
      <Filter>Pliki zasobów</Filter>
    </None>
    <None Include="assimp-vc142-mtd.dll" />
    <None Include="shaders\model3d_shader_fs.glsl" />
    <None Include="shaders\model3d_shader_vs.glsl" />
  </ItemGroup>
  <ItemGroup>
    <Image Include="textures\fruits.png">
      <Filter>Pliki zasobów</Filter>
    </Image>
    <Image Include="textures\fwd.png">
      <Filter>Pliki zasobów</Filter>
    </Image>
    <Image Include="textures\pause.png">
      <Filter>Pliki zasobów</Filter>
    </Image>
    <Image Include="textures\stop.png">
      <Filter>Pliki zasobów</Filter>
    </Image>
  </ItemGroup>
</Project>