<?xml version="1.0" encoding="utf-8"?>
<Project ToolsVersion="4.0" xmlns="http://schemas.microsoft.com/developer/msbuild/2003">
  <ItemGroup>
    <Filter Include="Pliki źródłowe">
      <UniqueIdentifier>{4FC737F1-C7A5-4376-A066-2A32D752A2FF}</UniqueIdentifier>
      <Extensions>cpp;c;cc;cxx;c++;cppm;ixx;def;odl;idl;hpj;bat;asm;asmx</Extensions>
    </Filter>
    <Filter Include="Pliki nagłówkowe">
      <UniqueIdentifier>{93995380-89BD-4b04-88EB-625FBE52EBFB}</UniqueIdentifier>
      <Extensions>h;hh;hpp;hxx;h++;hm;inl;inc;ipp;xsd</Extensions>
    </Filter>
    <Filter Include="Pliki zasobów">
      <UniqueIdentifier>{67DA6AB6-F800-4c08-8B7A-83BB121AAD01}</UniqueIdentifier>
      <Extensions>rc;ico;cur;bmp;dlg;rc2;rct;bin;rgs;gif;jpg;jpeg;jpe;resx;tiff;tif;png;wav;mfcribbon-ms</Extensions>
    </Filter>
    <Filter Include="Pliki źródłowe\world">
      <UniqueIdentifier>{907de2a3-65db-479b-a148-9a7877061740}</UniqueIdentifier>
    </Filter>
    <Filter Include="Pliki nagłówkowe\world">
      <UniqueIdentifier>{d830a05d-939f-4384-bf39-2e1dec38d913}</UniqueIdentifier>
    </Filter>
    <Filter Include="Pliki nagłówkowe\renderer">
      <UniqueIdentifier>{0fe9885b-b76b-40f1-8498-1e44237a1685}</UniqueIdentifier>
    </Filter>
    <Filter Include="Pliki źródłowe\renderer">
      <UniqueIdentifier>{b3d90861-6b6b-4d37-be9d-9b7e8d333119}</UniqueIdentifier>
    </Filter>
    <Filter Include="Pliki nagłówkowe\math">
      <UniqueIdentifier>{c63326a5-aaba-4c90-b422-cc668d6b53ed}</UniqueIdentifier>
    </Filter>
  </ItemGroup>
  <ItemGroup>
    <ClInclude Include="Window.h">
      <Filter>Pliki nagłówkowe</Filter>
    </ClInclude>
    <ClInclude Include="CelestialBody.h">
      <Filter>Pliki nagłówkowe\world</Filter>
    </ClInclude>
    <ClInclude Include="Sphere.h">
      <Filter>Pliki nagłówkowe\world</Filter>
    </ClInclude>
    <ClInclude Include="ObjectRenderer.h">
      <Filter>Pliki nagłówkowe\renderer</Filter>
    </ClInclude>
    <ClInclude Include="Shader.h">
      <Filter>Pliki nagłówkowe\renderer</Filter>
    </ClInclude>
    <ClInclude Include="Rocket.h">
      <Filter>Pliki nagłówkowe\world</Filter>
    </ClInclude>
    <ClInclude Include="Camera.h">
      <Filter>Pliki nagłówkowe\renderer</Filter>
    </ClInclude>
    <ClInclude Include="TriangleGeometry.h">
      <Filter>Pliki nagłówkowe\world</Filter>
    </ClInclude>
    <ClInclude Include="TextRenderer.h">
      <Filter>Pliki nagłówkowe\renderer</Filter>
    </ClInclude>
    <ClInclude Include="Geometry.h">
      <Filter>Pliki nagłówkowe\math</Filter>
    </ClInclude>
  </ItemGroup>
  <ItemGroup>
    <ClCompile Include="main.cpp">
      <Filter>Pliki źródłowe</Filter>
    </ClCompile>
    <ClCompile Include="Window.cpp">
      <Filter>Pliki źródłowe</Filter>
    </ClCompile>
    <ClCompile Include="CelestialBody.cpp">
      <Filter>Pliki źródłowe\world</Filter>
    </ClCompile>
    <ClCompile Include="Sphere.cpp">
      <Filter>Pliki źródłowe\world</Filter>
    </ClCompile>
    <ClCompile Include="ObjectRenderer.cpp">
      <Filter>Pliki źródłowe\renderer</Filter>
    </ClCompile>
    <ClCompile Include="Rocket.cpp">
      <Filter>Pliki źródłowe\world</Filter>
    </ClCompile>
    <ClCompile Include="TriangleGeometry.cpp">
      <Filter>Pliki źródłowe\world</Filter>
    </ClCompile>
    <ClCompile Include="TextRenderer.cpp">
      <Filter>Pliki źródłowe\renderer</Filter>
    </ClCompile>
  </ItemGroup>
  <ItemGroup>
    <None Include="planet_shader_fs.glsl">
      <Filter>Pliki zasobów</Filter>
    </None>
    <None Include="planet_shader_vs.glsl">
      <Filter>Pliki zasobów</Filter>
    </None>
    <None Include="light_source_fs.glsl">
      <Filter>Pliki zasobów</Filter>
    </None>
    <None Include="light_source_vs.glsl">
      <Filter>Pliki zasobów</Filter>
    </None>
    <None Include="moon_shader_fs.glsl">
      <Filter>Pliki zasobów</Filter>
    </None>
    <None Include="moon_shader_vs.glsl">
      <Filter>Pliki zasobów</Filter>
    </None>
    <None Include="text_vs.glsl">
      <Filter>Pliki zasobów</Filter>
    </None>
    <None Include="text_fs.glsl">
      <Filter>Pliki zasobów</Filter>
    </None>
  </ItemGroup>
</Project>